
Microsoft Visual Studio Solution File, Format Version 12.00
# Visual Studio 15
VisualStudioVersion = 15.0.27428.2015
MinimumVisualStudioVersion = 10.0.40219.1
Project("{8BC9CEB8-8B4A-11D0-8D11-00A0C91BC942}") = "Fatpack", "Fatpack\Fatpack.vcxproj", "{A078937B-C964-4A72-86E3-3E4610970B8E}"
	ProjectSection(ProjectDependencies) = postProject
		{44B9BC25-8A16-4531-A794-E7A2767C2BCC} = {44B9BC25-8A16-4531-A794-E7A2767C2BCC}
		{58EF3B76-723C-43C1-880D-C3AEC2F31703} = {58EF3B76-723C-43C1-880D-C3AEC2F31703}
		{9A9BA389-F216-46C1-A761-AF2F0371719A} = {9A9BA389-F216-46C1-A761-AF2F0371719A}
		{87340E93-CDFE-499C-9218-38B2DF035499} = {87340E93-CDFE-499C-9218-38B2DF035499}
	EndProjectSection
EndProject
Project("{8BC9CEB8-8B4A-11D0-8D11-00A0C91BC942}") = "Loader", "Loader\Loader.vcxproj", "{87340E93-CDFE-499C-9218-38B2DF035499}"
	ProjectSection(ProjectDependencies) = postProject
		{44B9BC25-8A16-4531-A794-E7A2767C2BCC} = {44B9BC25-8A16-4531-A794-E7A2767C2BCC}
		{58EF3B76-723C-43C1-880D-C3AEC2F31703} = {58EF3B76-723C-43C1-880D-C3AEC2F31703}
		{9A9BA389-F216-46C1-A761-AF2F0371719A} = {9A9BA389-F216-46C1-A761-AF2F0371719A}
	EndProjectSection
EndProject
Project("{8BC9CEB8-8B4A-11D0-8D11-00A0C91BC942}") = "Sample ARM", "Sample\Sample ARM.vcxproj", "{58EF3B76-723C-43C1-880D-C3AEC2F31703}"
EndProject
Project("{8BC9CEB8-8B4A-11D0-8D11-00A0C91BC942}") = "Sample Win32", "Sample\Sample Win32.vcxproj", "{9A9BA389-F216-46C1-A761-AF2F0371719A}"
EndProject
Project("{8BC9CEB8-8B4A-11D0-8D11-00A0C91BC942}") = "Sample x64", "Sample\Sample x64.vcxproj", "{44B9BC25-8A16-4531-A794-E7A2767C2BCC}"
EndProject
Global
	GlobalSection(SolutionConfigurationPlatforms) = preSolution
		Debug|ARM = Debug|ARM
		Debug|x64 = Debug|x64
		Debug|x86 = Debug|x86
		Release|ARM = Release|ARM
		Release|x64 = Release|x64
		Release|x86 = Release|x86
	EndGlobalSection
	GlobalSection(ProjectConfigurationPlatforms) = postSolution
		{A078937B-C964-4A72-86E3-3E4610970B8E}.Debug|ARM.ActiveCfg = Debug|ARM
		{A078937B-C964-4A72-86E3-3E4610970B8E}.Debug|ARM.Build.0 = Debug|ARM
		{A078937B-C964-4A72-86E3-3E4610970B8E}.Debug|x64.ActiveCfg = Debug|x64
		{A078937B-C964-4A72-86E3-3E4610970B8E}.Debug|x64.Build.0 = Debug|x64
		{A078937B-C964-4A72-86E3-3E4610970B8E}.Debug|x86.ActiveCfg = Debug|Win32
		{A078937B-C964-4A72-86E3-3E4610970B8E}.Debug|x86.Build.0 = Debug|Win32
		{A078937B-C964-4A72-86E3-3E4610970B8E}.Release|ARM.ActiveCfg = Release|ARM
		{A078937B-C964-4A72-86E3-3E4610970B8E}.Release|ARM.Build.0 = Release|ARM
		{A078937B-C964-4A72-86E3-3E4610970B8E}.Release|x64.ActiveCfg = Release|x64
		{A078937B-C964-4A72-86E3-3E4610970B8E}.Release|x64.Build.0 = Release|x64
		{A078937B-C964-4A72-86E3-3E4610970B8E}.Release|x86.ActiveCfg = Release|Win32
		{A078937B-C964-4A72-86E3-3E4610970B8E}.Release|x86.Build.0 = Release|Win32
		{87340E93-CDFE-499C-9218-38B2DF035499}.Debug|ARM.ActiveCfg = Debug|Win32
		{87340E93-CDFE-499C-9218-38B2DF035499}.Debug|ARM.Build.0 = Debug|Win32
		{87340E93-CDFE-499C-9218-38B2DF035499}.Debug|x64.ActiveCfg = Debug|Win32
		{87340E93-CDFE-499C-9218-38B2DF035499}.Debug|x64.Build.0 = Debug|Win32
		{87340E93-CDFE-499C-9218-38B2DF035499}.Debug|x86.ActiveCfg = Debug|Win32
		{87340E93-CDFE-499C-9218-38B2DF035499}.Debug|x86.Build.0 = Debug|Win32
		{87340E93-CDFE-499C-9218-38B2DF035499}.Release|ARM.ActiveCfg = Release|Win32
		{87340E93-CDFE-499C-9218-38B2DF035499}.Release|ARM.Build.0 = Release|Win32
		{87340E93-CDFE-499C-9218-38B2DF035499}.Release|x64.ActiveCfg = Release|Win32
		{87340E93-CDFE-499C-9218-38B2DF035499}.Release|x64.Build.0 = Release|Win32
		{87340E93-CDFE-499C-9218-38B2DF035499}.Release|x86.ActiveCfg = Release|Win32
		{87340E93-CDFE-499C-9218-38B2DF035499}.Release|x86.Build.0 = Release|Win32
		{58EF3B76-723C-43C1-880D-C3AEC2F31703}.Debug|ARM.ActiveCfg = Debug|ARM
		{58EF3B76-723C-43C1-880D-C3AEC2F31703}.Debug|ARM.Build.0 = Debug|ARM
		{58EF3B76-723C-43C1-880D-C3AEC2F31703}.Debug|x64.ActiveCfg = Debug|ARM
		{58EF3B76-723C-43C1-880D-C3AEC2F31703}.Debug|x64.Build.0 = Debug|ARM
		{58EF3B76-723C-43C1-880D-C3AEC2F31703}.Debug|x86.ActiveCfg = Debug|ARM
		{58EF3B76-723C-43C1-880D-C3AEC2F31703}.Debug|x86.Build.0 = Debug|ARM
		{58EF3B76-723C-43C1-880D-C3AEC2F31703}.Release|ARM.ActiveCfg = Release|ARM
		{58EF3B76-723C-43C1-880D-C3AEC2F31703}.Release|ARM.Build.0 = Release|ARM
		{58EF3B76-723C-43C1-880D-C3AEC2F31703}.Release|x64.ActiveCfg = Release|ARM
		{58EF3B76-723C-43C1-880D-C3AEC2F31703}.Release|x64.Build.0 = Release|ARM
		{58EF3B76-723C-43C1-880D-C3AEC2F31703}.Release|x86.ActiveCfg = Release|ARM
		{58EF3B76-723C-43C1-880D-C3AEC2F31703}.Release|x86.Build.0 = Release|ARM
		{9A9BA389-F216-46C1-A761-AF2F0371719A}.Debug|ARM.ActiveCfg = Debug|Win32
		{9A9BA389-F216-46C1-A761-AF2F0371719A}.Debug|ARM.Build.0 = Debug|Win32
		{9A9BA389-F216-46C1-A761-AF2F0371719A}.Debug|x64.ActiveCfg = Debug|Win32
		{9A9BA389-F216-46C1-A761-AF2F0371719A}.Debug|x64.Build.0 = Debug|Win32
		{9A9BA389-F216-46C1-A761-AF2F0371719A}.Debug|x86.ActiveCfg = Debug|Win32
		{9A9BA389-F216-46C1-A761-AF2F0371719A}.Debug|x86.Build.0 = Debug|Win32
		{9A9BA389-F216-46C1-A761-AF2F0371719A}.Release|ARM.ActiveCfg = Release|Win32
		{9A9BA389-F216-46C1-A761-AF2F0371719A}.Release|ARM.Build.0 = Release|Win32
		{9A9BA389-F216-46C1-A761-AF2F0371719A}.Release|x64.ActiveCfg = Release|Win32
		{9A9BA389-F216-46C1-A761-AF2F0371719A}.Release|x64.Build.0 = Release|Win32
		{9A9BA389-F216-46C1-A761-AF2F0371719A}.Release|x86.ActiveCfg = Release|Win32
		{9A9BA389-F216-46C1-A761-AF2F0371719A}.Release|x86.Build.0 = Release|Win32
		{44B9BC25-8A16-4531-A794-E7A2767C2BCC}.Debug|ARM.ActiveCfg = Debug|x64
		{44B9BC25-8A16-4531-A794-E7A2767C2BCC}.Debug|ARM.Build.0 = Debug|x64
		{44B9BC25-8A16-4531-A794-E7A2767C2BCC}.Debug|x64.ActiveCfg = Debug|x64
		{44B9BC25-8A16-4531-A794-E7A2767C2BCC}.Debug|x64.Build.0 = Debug|x64
		{44B9BC25-8A16-4531-A794-E7A2767C2BCC}.Debug|x86.ActiveCfg = Debug|x64
		{44B9BC25-8A16-4531-A794-E7A2767C2BCC}.Debug|x86.Build.0 = Debug|x64
		{44B9BC25-8A16-4531-A794-E7A2767C2BCC}.Release|ARM.ActiveCfg = Release|x64
		{44B9BC25-8A16-4531-A794-E7A2767C2BCC}.Release|ARM.Build.0 = Release|x64
		{44B9BC25-8A16-4531-A794-E7A2767C2BCC}.Release|x64.ActiveCfg = Release|x64
		{44B9BC25-8A16-4531-A794-E7A2767C2BCC}.Release|x64.Build.0 = Release|x64
		{44B9BC25-8A16-4531-A794-E7A2767C2BCC}.Release|x86.ActiveCfg = Release|x64
		{44B9BC25-8A16-4531-A794-E7A2767C2BCC}.Release|x86.Build.0 = Release|x64
	EndGlobalSection
	GlobalSection(SolutionProperties) = preSolution
		HideSolutionNode = FALSE
	EndGlobalSection
	GlobalSection(ExtensibilityGlobals) = postSolution
		SolutionGuid = {9BAA86C8-A109-4A19-A843-F87903E5C33E}
	EndGlobalSection
EndGlobal
